// !$*UTF8*$!
{
	archiveVersion = 1;
	classes = {
	};
	objectVersion = 77;
	objects = {

/* Begin PBXContainerItemProxy section */
		EB7678782E86E9FC00C45C5B /* PBXContainerItemProxy */ = {
			isa = PBXContainerItemProxy;
			containerPortal = EB7678592E86E9FB00C45C5B /* Project object */;
			proxyType = 1;
			remoteGlobalIDString = EB7678602E86E9FB00C45C5B;
			remoteInfo = GastroPapas;
		};
		EB7678822E86E9FC00C45C5B /* PBXContainerItemProxy */ = {
			isa = PBXContainerItemProxy;
			containerPortal = EB7678592E86E9FB00C45C5B /* Project object */;
			proxyType = 1;
			remoteGlobalIDString = EB7678602E86E9FB00C45C5B;
			remoteInfo = GastroPapas;
		};
/* End PBXContainerItemProxy section */

/* Begin PBXFileReference section */
		EB7678612E86E9FB00C45C5B /* GastroPapas.app */ = {isa = PBXFileReference; explicitFileType = wrapper.application; includeInIndex = 0; path = GastroPapas.app; sourceTree = BUILT_PRODUCTS_DIR; };
		EB7678772E86E9FC00C45C5B /* GastroPapasTests.xctest */ = {isa = PBXFileReference; explicitFileType = wrapper.cfbundle; includeInIndex = 0; path = GastroPapasTests.xctest; sourceTree = BUILT_PRODUCTS_DIR; };
		EB7678812E86E9FC00C45C5B /* GastroPapasUITests.xctest */ = {isa = PBXFileReference; explicitFileType = wrapper.cfbundle; includeInIndex = 0; path = GastroPapasUITests.xctest; sourceTree = BUILT_PRODUCTS_DIR; };
/* End PBXFileReference section */

/* Begin PBXFileSystemSynchronizedBuildFileExceptionSet section */
		EB7678892E86E9FC00C45C5B /* Exceptions for "GastroPapas" folder in "GastroPapas" target */ = {
			isa = PBXFileSystemSynchronizedBuildFileExceptionSet;
			membershipExceptions = (
				Info.plist,
			);
			target = EB7678602E86E9FB00C45C5B /* GastroPapas */;
		};
/* End PBXFileSystemSynchronizedBuildFileExceptionSet section */

/* Begin PBXFileSystemSynchronizedRootGroup section */
		EB7678632E86E9FB00C45C5B /* GastroPapas */ = {
			isa = PBXFileSystemSynchronizedRootGroup;
			exceptions = (
				EB7678892E86E9FC00C45C5B /* Exceptions for "GastroPapas" folder in "GastroPapas" target */,
			);
			path = GastroPapas;
			sourceTree = "<group>";
		};
		EB76787A2E86E9FC00C45C5B /* GastroPapasTests */ = {
			isa = PBXFileSystemSynchronizedRootGroup;
			path = GastroPapasTests;
			sourceTree = "<group>";
		};
		EB7678842E86E9FC00C45C5B /* GastroPapasUITests */ = {
			isa = PBXFileSystemSynchronizedRootGroup;
			path = GastroPapasUITests;
			sourceTree = "<group>";
		};
/* End PBXFileSystemSynchronizedRootGroup section */

/* Begin PBXFrameworksBuildPhase section */
		EB76785E2E86E9FB00C45C5B /* Frameworks */ = {
			isa = PBXFrameworksBuildPhase;
			buildActionMask = 2147483647;
			files = (
			);
			runOnlyForDeploymentPostprocessing = 0;
		};
		EB7678742E86E9FC00C45C5B /* Frameworks */ = {
			isa = PBXFrameworksBuildPhase;
			buildActionMask = 2147483647;
			files = (
			);
			runOnlyForDeploymentPostprocessing = 0;
		};
		EB76787E2E86E9FC00C45C5B /* Frameworks */ = {
			isa = PBXFrameworksBuildPhase;
			buildActionMask = 2147483647;
			files = (
			);
			runOnlyForDeploymentPostprocessing = 0;
		};
/* End PBXFrameworksBuildPhase section */

/* Begin PBXGroup section */
		EB7678582E86E9FB00C45C5B = {
			isa = PBXGroup;
			children = (
				EB7678632E86E9FB00C45C5B /* GastroPapas */,
				EB76787A2E86E9FC00C45C5B /* GastroPapasTests */,
				EB7678842E86E9FC00C45C5B /* GastroPapasUITests */,
				EB7678622E86E9FB00C45C5B /* Products */,
			);
			sourceTree = "<group>";
		};
		EB7678622E86E9FB00C45C5B /* Products */ = {
			isa = PBXGroup;
			children = (
				EB7678612E86E9FB00C45C5B /* GastroPapas.app */,
				EB7678772E86E9FC00C45C5B /* GastroPapasTests.xctest */,
				EB7678812E86E9FC00C45C5B /* GastroPapasUITests.xctest */,
			);
			name = Products;
			sourceTree = "<group>";
		};
/* End PBXGroup section */

/* Begin PBXNativeTarget section */
		EB7678602E86E9FB00C45C5B /* GastroPapas */ = {
			isa = PBXNativeTarget;
			buildConfigurationList = EB76788A2E86E9FC00C45C5B /* Build configuration list for PBXNativeTarget "GastroPapas" */;
			buildPhases = (
				EB76785D2E86E9FB00C45C5B /* Sources */,
				EB76785E2E86E9FB00C45C5B /* Frameworks */,
				EB76785F2E86E9FB00C45C5B /* Resources */,
			);
			buildRules = (
			);
			dependencies = (
			);
			fileSystemSynchronizedGroups = (
				EB7678632E86E9FB00C45C5B /* GastroPapas */,
			);
			name = GastroPapas;
			packageProductDependencies = (
			);
			productName = GastroPapas;
			productReference = EB7678612E86E9FB00C45C5B /* GastroPapas.app */;
			productType = "com.apple.product-type.application";
		};
		EB7678762E86E9FC00C45C5B /* GastroPapasTests */ = {
			isa = PBXNativeTarget;
			buildConfigurationList = EB76788F2E86E9FC00C45C5B /* Build configuration list for PBXNativeTarget "GastroPapasTests" */;
			buildPhases = (
				EB7678732E86E9FC00C45C5B /* Sources */,
				EB7678742E86E9FC00C45C5B /* Frameworks */,
				EB7678752E86E9FC00C45C5B /* Resources */,
			);
			buildRules = (
			);
			dependencies = (
				EB7678792E86E9FC00C45C5B /* PBXTargetDependency */,
			);
			fileSystemSynchronizedGroups = (
				EB76787A2E86E9FC00C45C5B /* GastroPapasTests */,
			);
			name = GastroPapasTests;
			packageProductDependencies = (
			);
			productName = GastroPapasTests;
			productReference = EB7678772E86E9FC00C45C5B /* GastroPapasTests.xctest */;
			productType = "com.apple.product-type.bundle.unit-test";
		};
		EB7678802E86E9FC00C45C5B /* GastroPapasUITests */ = {
			isa = PBXNativeTarget;
			buildConfigurationList = EB7678922E86E9FC00C45C5B /* Build configuration list for PBXNativeTarget "GastroPapasUITests" */;
			buildPhases = (
				EB76787D2E86E9FC00C45C5B /* Sources */,
				EB76787E2E86E9FC00C45C5B /* Frameworks */,
				EB76787F2E86E9FC00C45C5B /* Resources */,
			);
			buildRules = (
			);
			dependencies = (
				EB7678832E86E9FC00C45C5B /* PBXTargetDependency */,
			);
			fileSystemSynchronizedGroups = (
				EB7678842E86E9FC00C45C5B /* GastroPapasUITests */,
			);
			name = GastroPapasUITests;
			packageProductDependencies = (
			);
			productName = GastroPapasUITests;
			productReference = EB7678812E86E9FC00C45C5B /* GastroPapasUITests.xctest */;
			productType = "com.apple.product-type.bundle.ui-testing";
		};
/* End PBXNativeTarget section */

/* Begin PBXProject section */
		EB7678592E86E9FB00C45C5B /* Project object */ = {
			isa = PBXProject;
			attributes = {
				BuildIndependentTargetsInParallel = 1;
				LastSwiftUpdateCheck = 1640;
				LastUpgradeCheck = 1640;
				TargetAttributes = {
					EB7678602E86E9FB00C45C5B = {
						CreatedOnToolsVersion = 16.4;
					};
					EB7678762E86E9FC00C45C5B = {
						CreatedOnToolsVersion = 16.4;
						TestTargetID = EB7678602E86E9FB00C45C5B;
					};
					EB7678802E86E9FC00C45C5B = {
						CreatedOnToolsVersion = 16.4;
						TestTargetID = EB7678602E86E9FB00C45C5B;
					};
				};
			};
			buildConfigurationList = EB76785C2E86E9FB00C45C5B /* Build configuration list for PBXProject "GastroPapas" */;
			developmentRegion = en;
			hasScannedForEncodings = 0;
			knownRegions = (
				en,
				Base,
			);
			mainGroup = EB7678582E86E9FB00C45C5B;
			minimizedProjectReferenceProxies = 1;
			preferredProjectObjectVersion = 77;
			productRefGroup = EB7678622E86E9FB00C45C5B /* Products */;
			projectDirPath = "";
			projectRoot = "";
			targets = (
				EB7678602E86E9FB00C45C5B /* GastroPapas */,
				EB7678762E86E9FC00C45C5B /* GastroPapasTests */,
				EB7678802E86E9FC00C45C5B /* GastroPapasUITests */,
			);
		};
/* End PBXProject section */

/* Begin PBXResourcesBuildPhase section */
		EB76785F2E86E9FB00C45C5B /* Resources */ = {
			isa = PBXResourcesBuildPhase;
			buildActionMask = 2147483647;
			files = (
			);
			runOnlyForDeploymentPostprocessing = 0;
		};
		EB7678752E86E9FC00C45C5B /* Resources */ = {
			isa = PBXResourcesBuildPhase;
			buildActionMask = 2147483647;
			files = (
			);
			runOnlyForDeploymentPostprocessing = 0;
		};
		EB76787F2E86E9FC00C45C5B /* Resources */ = {
			isa = PBXResourcesBuildPhase;
			buildActionMask = 2147483647;
			files = (
			);
			runOnlyForDeploymentPostprocessing = 0;
		};
/* End PBXResourcesBuildPhase section */

/* Begin PBXSourcesBuildPhase section */
		EB76785D2E86E9FB00C45C5B /* Sources */ = {
			isa = PBXSourcesBuildPhase;
			buildActionMask = 2147483647;
			files = (
			);
			runOnlyForDeploymentPostprocessing = 0;
		};
		EB7678732E86E9FC00C45C5B /* Sources */ = {
			isa = PBXSourcesBuildPhase;
			buildActionMask = 2147483647;
			files = (
			);
			runOnlyForDeploymentPostprocessing = 0;
		};
		EB76787D2E86E9FC00C45C5B /* Sources */ = {
			isa = PBXSourcesBuildPhase;
			buildActionMask = 2147483647;
			files = (
			);
			runOnlyForDeploymentPostprocessing = 0;
		};
/* End PBXSourcesBuildPhase section */

/* Begin PBXTargetDependency section */
		EB7678792E86E9FC00C45C5B /* PBXTargetDependency */ = {
			isa = PBXTargetDependency;
			target = EB7678602E86E9FB00C45C5B /* GastroPapas */;
			targetProxy = EB7678782E86E9FC00C45C5B /* PBXContainerItemProxy */;
		};
		EB7678832E86E9FC00C45C5B /* PBXTargetDependency */ = {
			isa = PBXTargetDependency;
			target = EB7678602E86E9FB00C45C5B /* GastroPapas */;
			targetProxy = EB7678822E86E9FC00C45C5B /* PBXContainerItemProxy */;
		};
/* End PBXTargetDependency section */

/* Begin XCBuildConfiguration section */
		EB76788B2E86E9FC00C45C5B /* Debug */ = {
			isa = XCBuildConfiguration;
			buildSettings = {
				ASSETCATALOG_COMPILER_APPICON_NAME = AppIcon;
				ASSETCATALOG_COMPILER_GLOBAL_ACCENT_COLOR_NAME = AccentColor;
				CODE_SIGN_STYLE = Automatic;
				CURRENT_PROJECT_VERSION = 1;
				DEVELOPMENT_TEAM = 27577TPKK6;
				GENERATE_INFOPLIST_FILE = YES;
				INFOPLIST_FILE = GastroPapas/Info.plist;
				INFOPLIST_KEY_UIApplicationSupportsIndirectInputEvents = YES;
				INFOPLIST_KEY_UILaunchStoryboardName = LaunchScreen;
				INFOPLIST_KEY_UIMainStoryboardFile = Main;
				INFOPLIST_KEY_UISupportedInterfaceOrientations_iPad = "UIInterfaceOrientationPortrait UIInterfaceOrientationPortraitUpsideDown UIInterfaceOrientationLandscapeLeft UIInterfaceOrientationLandscapeRight";
				INFOPLIST_KEY_UISupportedInterfaceOrientations_iPhone = "UIInterfaceOrientationPortrait UIInterfaceOrientationLandscapeLeft UIInterfaceOrientationLandscapeRight";
				LD_RUNPATH_SEARCH_PATHS = (
					"$(inherited)",
					"@executable_path/Frameworks",
				);
				MARKETING_VERSION = 1.0;
				PRODUCT_BUNDLE_IDENTIFIER = ru.yandex.practicum.GastroPapas;
				PRODUCT_NAME = "$(TARGET_NAME)";
				SUPPORTED_PLATFORMS = "iphoneos iphonesimulator";
				SUPPORTS_MACCATALYST = NO;
				SWIFT_EMIT_LOC_STRINGS = YES;
				SWIFT_VERSION = 5.0;
				TARGETED_DEVICE_FAMILY = 1;
			};
			name = Debug;
		};
		EB76788C2E86E9FC00C45C5B /* Release */ = {
			isa = XCBuildConfiguration;
			buildSettings = {
				ASSETCATALOG_COMPILER_APPICON_NAME = AppIcon;
				ASSETCATALOG_COMPILER_GLOBAL_ACCENT_COLOR_NAME = AccentColor;
				CODE_SIGN_STYLE = Automatic;
				CURRENT_PROJECT_VERSION = 1;
				DEVELOPMENT_TEAM = 27577TPKK6;
				GENERATE_INFOPLIST_FILE = YES;
				INFOPLIST_FILE = GastroPapas/Info.plist;
				INFOPLIST_KEY_UIApplicationSupportsIndirectInputEvents = YES;
				INFOPLIST_KEY_UILaunchStoryboardName = LaunchScreen;
				INFOPLIST_KEY_UIMainStoryboardFile = Main;
				INFOPLIST_KEY_UISupportedInterfaceOrientations_iPad = "UIInterfaceOrientationPortrait UIInterfaceOrientationPortraitUpsideDown UIInterfaceOrientationLandscapeLeft UIInterfaceOrientationLandscapeRight";
				INFOPLIST_KEY_UISupportedInterfaceOrientations_iPhone = "UIInterfaceOrientationPortrait UIInterfaceOrientationLandscapeLeft UIInterfaceOrientationLandscapeRight";
				LD_RUNPATH_SEARCH_PATHS = (
					"$(inherited)",
					"@executable_path/Frameworks",
				);
				MARKETING_VERSION = 1.0;
				PRODUCT_BUNDLE_IDENTIFIER = ru.yandex.practicum.GastroPapas;
				PRODUCT_NAME = "$(TARGET_NAME)";
				SUPPORTED_PLATFORMS = "iphoneos iphonesimulator";
				SUPPORTS_MACCATALYST = NO;
				SWIFT_EMIT_LOC_STRINGS = YES;
				SWIFT_VERSION = 5.0;
				TARGETED_DEVICE_FAMILY = 1;
			};
			name = Release;
		};
		EB76788D2E86E9FC00C45C5B /* Debug */ = {
			isa = XCBuildConfiguration;
			buildSettings = {
				ALWAYS_SEARCH_USER_PATHS = NO;
				ASSETCATALOG_COMPILER_GENERATE_SWIFT_ASSET_SYMBOL_EXTENSIONS = YES;
				CLANG_ANALYZER_NONNULL = YES;
				CLANG_ANALYZER_NUMBER_OBJECT_CONVERSION = YES_AGGRESSIVE;
				CLANG_CXX_LANGUAGE_STANDARD = "gnu++20";
				CLANG_ENABLE_MODULES = YES;
				CLANG_ENABLE_OBJC_ARC = YES;
				CLANG_ENABLE_OBJC_WEAK = YES;
				CLANG_WARN_BLOCK_CAPTURE_AUTORELEASING = YES;
				CLANG_WARN_BOOL_CONVERSION = YES;
				CLANG_WARN_COMMA = YES;
				CLANG_WARN_CONSTANT_CONVERSION = YES;
				CLANG_WARN_DEPRECATED_OBJC_IMPLEMENTATIONS = YES;
				CLANG_WARN_DIRECT_OBJC_ISA_USAGE = YES_ERROR;
				CLANG_WARN_DOCUMENTATION_COMMENTS = YES;
				CLANG_WARN_EMPTY_BODY = YES;
				CLANG_WARN_ENUM_CONVERSION = YES;
				CLANG_WARN_INFINITE_RECURSION = YES;
				CLANG_WARN_INT_CONVERSION = YES;
				CLANG_WARN_NON_LITERAL_NULL_CONVERSION = YES;
				CLANG_WARN_OBJC_IMPLICIT_RETAIN_SELF = YES;
				CLANG_WARN_OBJC_LITERAL_CONVERSION = YES;
				CLANG_WARN_OBJC_ROOT_CLASS = YES_ERROR;
				CLANG_WARN_QUOTED_INCLUDE_IN_FRAMEWORK_HEADER = YES;
				CLANG_WARN_RANGE_LOOP_ANALYSIS = YES;
				CLANG_WARN_STRICT_PROTOTYPES = YES;
				CLANG_WARN_SUSPICIOUS_MOVE = YES;
				CLANG_WARN_UNGUARDED_AVAILABILITY = YES_AGGRESSIVE;
				CLANG_WARN_UNREACHABLE_CODE = YES;
				CLANG_WARN__DUPLICATE_METHOD_MATCH = YES;
				COPY_PHASE_STRIP = NO;
				DEBUG_INFORMATION_FORMAT = dwarf;
				DEVELOPMENT_TEAM = 27577TPKK6;
				ENABLE_STRICT_OBJC_MSGSEND = YES;
				ENABLE_TESTABILITY = YES;
				ENABLE_USER_SCRIPT_SANDBOXING = YES;
				GCC_C_LANGUAGE_STANDARD = gnu17;
				GCC_DYNAMIC_NO_PIC = NO;
				GCC_NO_COMMON_BLOCKS = YES;
				GCC_OPTIMIZATION_LEVEL = 0;
				GCC_PREPROCESSOR_DEFINITIONS = (
					"DEBUG=1",
					"$(inherited)",
				);
				GCC_WARN_64_TO_32_BIT_CONVERSION = YES;
				GCC_WARN_ABOUT_RETURN_TYPE = YES_ERROR;
				GCC_WARN_UNDECLARED_SELECTOR = YES;
				GCC_WARN_UNINITIALIZED_AUTOS = YES_AGGRESSIVE;
				GCC_WARN_UNUSED_FUNCTION = YES;
				GCC_WARN_UNUSED_VARIABLE = YES;
				IPHONEOS_DEPLOYMENT_TARGET = 18.5;
				LOCALIZATION_PREFERS_STRING_CATALOGS = YES;
				MTL_ENABLE_DEBUG_INFO = INCLUDE_SOURCE;
				MTL_FAST_MATH = YES;
				ONLY_ACTIVE_ARCH = YES;
				SDKROOT = iphoneos;
				SWIFT_ACTIVE_COMPILATION_CONDITIONS = "DEBUG $(inherited)";
				SWIFT_OPTIMIZATION_LEVEL = "-Onone";
			};
			name = Debug;
		};
		EB76788E2E86E9FC00C45C5B /* Release */ = {
			isa = XCBuildConfiguration;
			buildSettings = {
				ALWAYS_SEARCH_USER_PATHS = NO;
				ASSETCATALOG_COMPILER_GENERATE_SWIFT_ASSET_SYMBOL_EXTENSIONS = YES;
				CLANG_ANALYZER_NONNULL = YES;
				CLANG_ANALYZER_NUMBER_OBJECT_CONVERSION = YES_AGGRESSIVE;
				CLANG_CXX_LANGUAGE_STANDARD = "gnu++20";
				CLANG_ENABLE_MODULES = YES;
				CLANG_ENABLE_OBJC_ARC = YES;
				CLANG_ENABLE_OBJC_WEAK = YES;
				CLANG_WARN_BLOCK_CAPTURE_AUTORELEASING = YES;
				CLANG_WARN_BOOL_CONVERSION = YES;
				CLANG_WARN_COMMA = YES;
				CLANG_WARN_CONSTANT_CONVERSION = YES;
				CLANG_WARN_DEPRECATED_OBJC_IMPLEMENTATIONS = YES;
				CLANG_WARN_DIRECT_OBJC_ISA_USAGE = YES_ERROR;
				CLANG_WARN_DOCUMENTATION_COMMENTS = YES;
				CLANG_WARN_EMPTY_BODY = YES;
				CLANG_WARN_ENUM_CONVERSION = YES;
				CLANG_WARN_INFINITE_RECURSION = YES;
				CLANG_WARN_INT_CONVERSION = YES;
				CLANG_WARN_NON_LITERAL_NULL_CONVERSION = YES;
				CLANG_WARN_OBJC_IMPLICIT_RETAIN_SELF = YES;
				CLANG_WARN_OBJC_LITERAL_CONVERSION = YES;
				CLANG_WARN_OBJC_ROOT_CLASS = YES_ERROR;
				CLANG_WARN_QUOTED_INCLUDE_IN_FRAMEWORK_HEADER = YES;
				CLANG_WARN_RANGE_LOOP_ANALYSIS = YES;
				CLANG_WARN_STRICT_PROTOTYPES = YES;
				CLANG_WARN_SUSPICIOUS_MOVE = YES;
				CLANG_WARN_UNGUARDED_AVAILABILITY = YES_AGGRESSIVE;
				CLANG_WARN_UNREACHABLE_CODE = YES;
				CLANG_WARN__DUPLICATE_METHOD_MATCH = YES;
				COPY_PHASE_STRIP = NO;
				DEBUG_INFORMATION_FORMAT = "dwarf-with-dsym";
				DEVELOPMENT_TEAM = 27577TPKK6;
				ENABLE_NS_ASSERTIONS = NO;
				ENABLE_STRICT_OBJC_MSGSEND = YES;
				ENABLE_USER_SCRIPT_SANDBOXING = YES;
				GCC_C_LANGUAGE_STANDARD = gnu17;
				GCC_NO_COMMON_BLOCKS = YES;
				GCC_WARN_64_TO_32_BIT_CONVERSION = YES;
				GCC_WARN_ABOUT_RETURN_TYPE = YES_ERROR;
				GCC_WARN_UNDECLARED_SELECTOR = YES;
				GCC_WARN_UNINITIALIZED_AUTOS = YES_AGGRESSIVE;
				GCC_WARN_UNUSED_FUNCTION = YES;
				GCC_WARN_UNUSED_VARIABLE = YES;
				IPHONEOS_DEPLOYMENT_TARGET = 18.5;
				LOCALIZATION_PREFERS_STRING_CATALOGS = YES;
				MTL_ENABLE_DEBUG_INFO = NO;
				MTL_FAST_MATH = YES;
				SDKROOT = iphoneos;
				SWIFT_COMPILATION_MODE = wholemodule;
				VALIDATE_PRODUCT = YES;
			};
			name = Release;
		};
		EB7678902E86E9FC00C45C5B /* Debug */ = {
			isa = XCBuildConfiguration;
			buildSettings = {
				BUNDLE_LOADER = "$(TEST_HOST)";
				CODE_SIGN_STYLE = Automatic;
				CURRENT_PROJECT_VERSION = 1;
				DEVELOPMENT_TEAM = 27577TPKK6;
				GENERATE_INFOPLIST_FILE = YES;
				IPHONEOS_DEPLOYMENT_TARGET = 18.5;
				MARKETING_VERSION = 1.0;
				PRODUCT_BUNDLE_IDENTIFIER = ru.yandex.practicum.GastroPapasTests;
				PRODUCT_NAME = "$(TARGET_NAME)";
				SWIFT_EMIT_LOC_STRINGS = NO;
				SWIFT_VERSION = 5.0;
				TARGETED_DEVICE_FAMILY = "1,2";
				TEST_HOST = "$(BUILT_PRODUCTS_DIR)/GastroPapas.app/$(BUNDLE_EXECUTABLE_FOLDER_PATH)/GastroPapas";
			};
			name = Debug;
		};
		EB7678912E86E9FC00C45C5B /* Release */ = {
			isa = XCBuildConfiguration;
			buildSettings = {
				BUNDLE_LOADER = "$(TEST_HOST)";
				CODE_SIGN_STYLE = Automatic;
				CURRENT_PROJECT_VERSION = 1;
				DEVELOPMENT_TEAM = 27577TPKK6;
				GENERATE_INFOPLIST_FILE = YES;
				IPHONEOS_DEPLOYMENT_TARGET = 18.5;
				MARKETING_VERSION = 1.0;
				PRODUCT_BUNDLE_IDENTIFIER = ru.yandex.practicum.GastroPapasTests;
				PRODUCT_NAME = "$(TARGET_NAME)";
				SWIFT_EMIT_LOC_STRINGS = NO;
				SWIFT_VERSION = 5.0;
				TARGETED_DEVICE_FAMILY = "1,2";
				TEST_HOST = "$(BUILT_PRODUCTS_DIR)/GastroPapas.app/$(BUNDLE_EXECUTABLE_FOLDER_PATH)/GastroPapas";
			};
			name = Release;
		};
		EB7678932E86E9FC00C45C5B /* Debug */ = {
			isa = XCBuildConfiguration;
			buildSettings = {
				CODE_SIGN_STYLE = Automatic;
				CURRENT_PROJECT_VERSION = 1;
				DEVELOPMENT_TEAM = 27577TPKK6;
				GENERATE_INFOPLIST_FILE = YES;
				MARKETING_VERSION = 1.0;
				PRODUCT_BUNDLE_IDENTIFIER = ru.yandex.practicum.GastroPapasUITests;
				PRODUCT_NAME = "$(TARGET_NAME)";
				SWIFT_EMIT_LOC_STRINGS = NO;
				SWIFT_VERSION = 5.0;
				TARGETED_DEVICE_FAMILY = "1,2";
				TEST_TARGET_NAME = GastroPapas;
			};
			name = Debug;
		};
		EB7678942E86E9FC00C45C5B /* Release */ = {
			isa = XCBuildConfiguration;
			buildSettings = {
				CODE_SIGN_STYLE = Automatic;
				CURRENT_PROJECT_VERSION = 1;
				DEVELOPMENT_TEAM = 27577TPKK6;
				GENERATE_INFOPLIST_FILE = YES;
				MARKETING_VERSION = 1.0;
				PRODUCT_BUNDLE_IDENTIFIER = ru.yandex.practicum.GastroPapasUITests;
				PRODUCT_NAME = "$(TARGET_NAME)";
				SWIFT_EMIT_LOC_STRINGS = NO;
				SWIFT_VERSION = 5.0;
				TARGETED_DEVICE_FAMILY = "1,2";
				TEST_TARGET_NAME = GastroPapas;
			};
			name = Release;
		};
/* End XCBuildConfiguration section */

/* Begin XCConfigurationList section */
		EB76785C2E86E9FB00C45C5B /* Build configuration list for PBXProject "GastroPapas" */ = {
			isa = XCConfigurationList;
			buildConfigurations = (
				EB76788D2E86E9FC00C45C5B /* Debug */,
				EB76788E2E86E9FC00C45C5B /* Release */,
			);
			defaultConfigurationIsVisible = 0;
			defaultConfigurationName = Release;
		};
		EB76788A2E86E9FC00C45C5B /* Build configuration list for PBXNativeTarget "GastroPapas" */ = {
			isa = XCConfigurationList;
			buildConfigurations = (
				EB76788B2E86E9FC00C45C5B /* Debug */,
				EB76788C2E86E9FC00C45C5B /* Release */,
			);
			defaultConfigurationIsVisible = 0;
			defaultConfigurationName = Release;
		};
		EB76788F2E86E9FC00C45C5B /* Build configuration list for PBXNativeTarget "GastroPapasTests" */ = {
			isa = XCConfigurationList;
			buildConfigurations = (
				EB7678902E86E9FC00C45C5B /* Debug */,
				EB7678912E86E9FC00C45C5B /* Release */,
			);
			defaultConfigurationIsVisible = 0;
			defaultConfigurationName = Release;
		};
		EB7678922E86E9FC00C45C5B /* Build configuration list for PBXNativeTarget "GastroPapasUITests" */ = {
			isa = XCConfigurationList;
			buildConfigurations = (
				EB7678932E86E9FC00C45C5B /* Debug */,
				EB7678942E86E9FC00C45C5B /* Release */,
			);
			defaultConfigurationIsVisible = 0;
			defaultConfigurationName = Release;
		};
/* End XCConfigurationList section */
	};
	rootObject = EB7678592E86E9FB00C45C5B /* Project object */;
}
